
Microsoft Visual Studio Solution File, Format Version 12.00
# Visual Studio Version 17
VisualStudioVersion = 17.3.32721.290
MinimumVisualStudioVersion = 10.0.40219.1
Project("{2150E333-8FDC-42A3-9474-1A3956D46DE8}") = "perf", "perf", "{E68F055F-B7CD-4709-A938-E6AA0F2C5823}"
EndProject
Project("{2150E333-8FDC-42A3-9474-1A3956D46DE8}") = "src", "src", "{46081377-335F-4C1A-BEA6-C8EEA413512C}"
EndProject
Project("{9A19103F-16F7-4668-BE54-9A1E7A4F7556}") = "CloudEventDotNet", "src\CloudEventDotNet\CloudEventDotNet.csproj", "{EAEB3BBC-E680-4190-9907-B6F1D67ECC2A}"
EndProject
Project("{2150E333-8FDC-42A3-9474-1A3956D46DE8}") = "test", "test", "{FD67BF13-67BD-4217-89ED-93C5E36C8039}"
EndProject
Project("{9A19103F-16F7-4668-BE54-9A1E7A4F7556}") = "CloudEventDotNet.Test", "test\CloudEventDotNet.Test\CloudEventDotNet.Test.csproj", "{88966C51-9535-4F2C-9C58-025E28DFFC56}"
EndProject
Project("{2150E333-8FDC-42A3-9474-1A3956D46DE8}") = "Solution Items", "Solution Items", "{448FB596-6E16-4674-B019-A9C27FA84F8F}"
	ProjectSection(SolutionItems) = preProject
		.editorconfig = .editorconfig
		Directory.Build.props = Directory.Build.props
		Directory.Packages.props = Directory.Packages.props
		global.json = global.json
		nuget.config = nuget.config
		README.md = README.md
	EndProjectSection
EndProject
Project("{9A19103F-16F7-4668-BE54-9A1E7A4F7556}") = "CloudEventTester", "perf\CloudEventTester\CloudEventTester.csproj", "{7093451E-A6AF-494D-8C3F-1A6FBE67818A}"
EndProject
Project("{9A19103F-16F7-4668-BE54-9A1E7A4F7556}") = "CloudEventDotNet.Redis", "src\CloudEventDotNet.Redis\CloudEventDotNet.Redis.csproj", "{67387C1D-8F53-4136-96EB-2D1FFC94146E}"
EndProject
Project("{9A19103F-16F7-4668-BE54-9A1E7A4F7556}") = "CloudEventDotNet.Kafka", "src\CloudEventDotNet.Kafka\CloudEventDotNet.Kafka.csproj", "{25324249-21DF-43D1-BDD1-052DF2EB0A1B}"
EndProject
Project("{FAE04EC0-301F-11D3-BF4B-00C04F79EFBC}") = "CloudEventDotNet.IntegrationTest", "test\CloudEventDotNet.IntegrationTest\CloudEventDotNet.IntegrationTest.csproj", "{19B10A8E-98B0-45CB-9E5C-AA79B4F6F1CA}"
EndProject
Global
	GlobalSection(SolutionConfigurationPlatforms) = preSolution
		Debug|Any CPU = Debug|Any CPU
		Release|Any CPU = Release|Any CPU
	EndGlobalSection
	GlobalSection(ProjectConfigurationPlatforms) = postSolution
		{EAEB3BBC-E680-4190-9907-B6F1D67ECC2A}.Debug|Any CPU.ActiveCfg = Debug|Any CPU
		{EAEB3BBC-E680-4190-9907-B6F1D67ECC2A}.Debug|Any CPU.Build.0 = Debug|Any CPU
		{EAEB3BBC-E680-4190-9907-B6F1D67ECC2A}.Release|Any CPU.ActiveCfg = Release|Any CPU
		{EAEB3BBC-E680-4190-9907-B6F1D67ECC2A}.Release|Any CPU.Build.0 = Release|Any CPU
		{88966C51-9535-4F2C-9C58-025E28DFFC56}.Debug|Any CPU.ActiveCfg = Debug|Any CPU
		{88966C51-9535-4F2C-9C58-025E28DFFC56}.Debug|Any CPU.Build.0 = Debug|Any CPU
		{88966C51-9535-4F2C-9C58-025E28DFFC56}.Release|Any CPU.ActiveCfg = Release|Any CPU
		{88966C51-9535-4F2C-9C58-025E28DFFC56}.Release|Any CPU.Build.0 = Release|Any CPU
		{7093451E-A6AF-494D-8C3F-1A6FBE67818A}.Debug|Any CPU.ActiveCfg = Debug|Any CPU
		{7093451E-A6AF-494D-8C3F-1A6FBE67818A}.Debug|Any CPU.Build.0 = Debug|Any CPU
		{7093451E-A6AF-494D-8C3F-1A6FBE67818A}.Release|Any CPU.ActiveCfg = Release|Any CPU
		{7093451E-A6AF-494D-8C3F-1A6FBE67818A}.Release|Any CPU.Build.0 = Release|Any CPU
		{67387C1D-8F53-4136-96EB-2D1FFC94146E}.Debug|Any CPU.ActiveCfg = Debug|Any CPU
		{67387C1D-8F53-4136-96EB-2D1FFC94146E}.Debug|Any CPU.Build.0 = Debug|Any CPU
		{67387C1D-8F53-4136-96EB-2D1FFC94146E}.Release|Any CPU.ActiveCfg = Release|Any CPU
		{67387C1D-8F53-4136-96EB-2D1FFC94146E}.Release|Any CPU.Build.0 = Release|Any CPU
		{25324249-21DF-43D1-BDD1-052DF2EB0A1B}.Debug|Any CPU.ActiveCfg = Debug|Any CPU
		{25324249-21DF-43D1-BDD1-052DF2EB0A1B}.Debug|Any CPU.Build.0 = Debug|Any CPU
		{25324249-21DF-43D1-BDD1-052DF2EB0A1B}.Release|Any CPU.ActiveCfg = Release|Any CPU
		{25324249-21DF-43D1-BDD1-052DF2EB0A1B}.Release|Any CPU.Build.0 = Release|Any CPU
		{19B10A8E-98B0-45CB-9E5C-AA79B4F6F1CA}.Debug|Any CPU.ActiveCfg = Debug|Any CPU
		{19B10A8E-98B0-45CB-9E5C-AA79B4F6F1CA}.Debug|Any CPU.Build.0 = Debug|Any CPU
		{19B10A8E-98B0-45CB-9E5C-AA79B4F6F1CA}.Release|Any CPU.ActiveCfg = Release|Any CPU
		{19B10A8E-98B0-45CB-9E5C-AA79B4F6F1CA}.Release|Any CPU.Build.0 = Release|Any CPU
	EndGlobalSection
	GlobalSection(SolutionProperties) = preSolution
		HideSolutionNode = FALSE
	EndGlobalSection
	GlobalSection(NestedProjects) = preSolution
		{EAEB3BBC-E680-4190-9907-B6F1D67ECC2A} = {46081377-335F-4C1A-BEA6-C8EEA413512C}
		{88966C51-9535-4F2C-9C58-025E28DFFC56} = {FD67BF13-67BD-4217-89ED-93C5E36C8039}
		{7093451E-A6AF-494D-8C3F-1A6FBE67818A} = {E68F055F-B7CD-4709-A938-E6AA0F2C5823}
		{67387C1D-8F53-4136-96EB-2D1FFC94146E} = {46081377-335F-4C1A-BEA6-C8EEA413512C}
		{25324249-21DF-43D1-BDD1-052DF2EB0A1B} = {46081377-335F-4C1A-BEA6-C8EEA413512C}
		{19B10A8E-98B0-45CB-9E5C-AA79B4F6F1CA} = {FD67BF13-67BD-4217-89ED-93C5E36C8039}
	EndGlobalSection
	GlobalSection(ExtensibilityGlobals) = postSolution
		SolutionGuid = {C3CD9CCD-5AB1-4267-80AC-2E1A23409FA7}
	EndGlobalSection
EndGlobal
